
Microsoft Visual Studio Solution File, Format Version 12.00
# Visual Studio Version 16
VisualStudioVersion = 16.0.29009.5
MinimumVisualStudioVersion = 10.0.40219.1
Project("{FAE04EC0-301F-11D3-BF4B-00C04F79EFBC}") = "TimeTracker", "TimeTracker\TimeTracker.csproj", "{3F276950-C6A5-4407-8874-5B82A791A16D}"
EndProject
Global
	GlobalSection(SolutionConfigurationPlatforms) = preSolution
		Debug|Any CPU = Debug|Any CPU
		Release|Any CPU = Release|Any CPU
	EndGlobalSection
	GlobalSection(ProjectConfigurationPlatforms) = postSolution
		{3F276950-C6A5-4407-8874-5B82A791A16D}.Debug|Any CPU.ActiveCfg = Debug|Any CPU
		{3F276950-C6A5-4407-8874-5B82A791A16D}.Debug|Any CPU.Build.0 = Debug|Any CPU
		{3F276950-C6A5-4407-8874-5B82A791A16D}.Release|Any CPU.ActiveCfg = Release|Any CPU
		{3F276950-C6A5-4407-8874-5B82A791A16D}.Release|Any CPU.Build.0 = Release|Any CPU
	EndGlobalSection
	GlobalSection(SolutionProperties) = preSolution
		HideSolutionNode = FALSE
	EndGlobalSection
	GlobalSection(ExtensibilityGlobals) = postSolution
		SolutionGuid = {0644D664-6E77-4802-9389-ECCCA804A883}
	EndGlobalSection
EndGlobal
